{
  "name": "hivemind-js",
  "version": "0.2.0",
  "lockfileVersion": 3,
  "requires": true,
  "packages": {
    "": {
      "name": "hivemind-js",
      "version": "0.2.0",
      "license": "Apache-2.0",
      "dependencies": {
        "@noble/ciphers": "^2.4.0",
        "@noble/hashes": "^2.4.0"
      },
      "devDependencies": {
        "ws": "^8.21.3"
      },
      "engines": {
        "node": ">=18.0.0"
      }
    },
    "node_modules/@noble/ciphers": {
      "version": "2.4.0",
      "resolved": "https://registry.npmjs.org/@noble/ciphers/-/ciphers-2.4.0.tgz",
      "integrity": "sha512-AnjFn0Jv92laAkvMrghlFZq4qQCIN/4DxFV/eooqtC2YTjB7kBeLMS2T9KJX4Dn+ZVXLOwK0lSgqDtx9gvxtiw==",
      "license": "MIT",
      "engines": {
        "node": ">= 20.19.0"
      },
      "funding": {
        "url": "https://paulmillr.com/funding/"
      }
    },
    "node_modules/@noble/hashes": {
      "version": "2.4.0",
      "resolved": "https://registry.npmjs.org/@noble/hashes/-/hashes-2.4.0.tgz",
      "integrity": "sha512-X5XaVWZIBCT7HHZGm5I7ZQXDwLG+bGXuSrMQAW+7Zvl87h1kmc1ZB1VSRJcpUfoUrGQp4Fkoxm5kZ+Ms+aW+eA==",
      "license": "MIT",
      "engines": {
        "node": ">= 20.19.0"
      },
      "funding": {
        "url": "https://paulmillr.com/funding/"
      }
    },
    "node_modules/ws": {
      "version": "8.21.3",
      "resolved": "https://registry.npmjs.org/ws/-/ws-8.21.3.tgz",
      "integrity": "sha512-201TZ/kPWxoPr/OKWjquZR1SWKXcvxdH+e1xrx89b3YbmzLMFCLfnaG1HFIgWzJOEWZ7MvpK++odZufgYR50Rw==",
      "dev": true,
      "license": "MIT",
      "engines": {
        "node": ">=10.0.0"
      },
      "peerDependencies": {
        "bufferutil": "^4.0.1",
        "utf-8-validate": ">=5.0.2"
      },
      "peerDependenciesMeta": {
        "bufferutil": {
          "optional": true
        },
        "utf-8-validate": {
          "optional": true
        }
      }
    }
  }
}
